{
    "_readme": [
        "This file locks the dependencies of your project to a known state",
        "Read more about it at https://getcomposer.org/doc/01-basic-usage.md#composer-lock-the-lock-file",
        "This file is @generated automatically"
    ],
    "hash": "e888d52dc9aac72cf7850bf53b4019c2",
    "content-hash": "1c44907c2ae2fe4e33c850c2aebf0071",
    "packages": [
        {
            "name": "composer/installers",
            "version": "v1.0.6",
            "source": {
                "type": "git",
                "url": "https://github.com/composer/installers.git",
                "reference": "b3bd071ea114a57212c75aa6a2eef5cfe0cc798f"
            },
            "dist": {
                "type": "zip",
                "url": "https://api.github.com/repos/composer/installers/zipball/b3bd071ea114a57212c75aa6a2eef5cfe0cc798f",
                "reference": "b3bd071ea114a57212c75aa6a2eef5cfe0cc798f",
                "shasum": ""
            },
            "replace": {
                "shama/baton": "*"
            },
            "require-dev": {
                "composer/composer": "1.0.*@dev",
                "phpunit/phpunit": "3.7.*"
            },
            "type": "composer-installer",
            "extra": {
                "class": "Composer\\Installers\\Installer",
                "branch-alias": {
                    "dev-master": "1.0-dev"
                }
            },
            "autoload": {
                "psr-0": {
                    "Composer\\Installers\\": "src/"
                }
            },
            "notification-url": "https://packagist.org/downloads/",
            "license": [
                "MIT"
            ],
            "authors": [
                {
                    "name": "Kyle Robinson Young",
                    "email": "kyle@dontkry.com",
                    "homepage": "https://github.com/shama",
                    "role": "Developer"
                }
            ],
            "description": "A multi-framework Composer library installer",
            "homepage": "http://composer.github.com/installers/",
            "keywords": [
                "TYPO3 CMS",
                "TYPO3 Flow",
                "TYPO3 Neos",
                "agl",
                "cakephp",
                "codeigniter",
                "drupal",
                "fuelphp",
                "installer",
                "joomla",
                "kohana",
                "laravel",
                "li3",
                "lithium",
                "mako",
                "modulework",
                "phpbb",
                "ppi",
                "silverstripe",
                "symfony",
                "wordpress",
                "zend"
            ],
            "time": "2013-08-20 04:37:09"
        },
        {
            "name": "doctrine/annotations",
            "version": "v1.2.7",
            "source": {
                "type": "git",
                "url": "https://github.com/doctrine/annotations.git",
                "reference": "f25c8aab83e0c3e976fd7d19875f198ccf2f7535"
            },
            "dist": {
                "type": "zip",
                "url": "https://api.github.com/repos/doctrine/annotations/zipball/f25c8aab83e0c3e976fd7d19875f198ccf2f7535",
                "reference": "f25c8aab83e0c3e976fd7d19875f198ccf2f7535",
                "shasum": ""
            },
            "require": {
                "doctrine/lexer": "1.*",
                "php": ">=5.3.2"
            },
            "require-dev": {
                "doctrine/cache": "1.*",
                "phpunit/phpunit": "4.*"
            },
            "type": "library",
            "extra": {
                "branch-alias": {
                    "dev-master": "1.3.x-dev"
                }
            },
            "autoload": {
                "psr-0": {
                    "Doctrine\\Common\\Annotations\\": "lib/"
                }
            },
            "notification-url": "https://packagist.org/downloads/",
            "license": [
                "MIT"
            ],
            "authors": [
                {
                    "name": "Roman Borschel",
                    "email": "roman@code-factory.org"
                },
                {
                    "name": "Benjamin Eberlei",
                    "email": "kontakt@beberlei.de"
                },
                {
                    "name": "Guilherme Blanco",
                    "email": "guilhermeblanco@gmail.com"
                },
                {
                    "name": "Jonathan Wage",
                    "email": "jonwage@gmail.com"
                },
                {
                    "name": "Johannes Schmitt",
                    "email": "schmittjoh@gmail.com"
                }
            ],
            "description": "Docblock Annotations Parser",
            "homepage": "http://www.doctrine-project.org",
            "keywords": [
                "annotations",
                "docblock",
                "parser"
            ],
            "time": "2015-08-31 12:32:49"
        },
        {
            "name": "doctrine/instantiator",
            "version": "1.0.5",
            "source": {
                "type": "git",
                "url": "https://github.com/doctrine/instantiator.git",
                "reference": "8e884e78f9f0eb1329e445619e04456e64d8051d"
            },
            "dist": {
                "type": "zip",
                "url": "https://api.github.com/repos/doctrine/instantiator/zipball/8e884e78f9f0eb1329e445619e04456e64d8051d",
                "reference": "8e884e78f9f0eb1329e445619e04456e64d8051d",
                "shasum": ""
            },
            "require": {
                "php": ">=5.3,<8.0-DEV"
            },
            "require-dev": {
                "athletic/athletic": "~0.1.8",
                "ext-pdo": "*",
                "ext-phar": "*",
                "phpunit/phpunit": "~4.0",
                "squizlabs/php_codesniffer": "~2.0"
            },
            "type": "library",
            "extra": {
                "branch-alias": {
                    "dev-master": "1.0.x-dev"
                }
            },
            "autoload": {
                "psr-4": {
                    "Doctrine\\Instantiator\\": "src/Doctrine/Instantiator/"
                }
            },
            "notification-url": "https://packagist.org/downloads/",
            "license": [
                "MIT"
            ],
            "authors": [
                {
                    "name": "Marco Pivetta",
                    "email": "ocramius@gmail.com",
                    "homepage": "http://ocramius.github.com/"
                }
            ],
            "description": "A small, lightweight utility to instantiate objects in PHP without invoking their constructors",
            "homepage": "https://github.com/doctrine/instantiator",
            "keywords": [
                "constructor",
                "instantiate"
            ],
            "time": "2015-06-14 21:17:01"
        },
        {
            "name": "doctrine/lexer",
            "version": "v1.0.1",
            "source": {
                "type": "git",
                "url": "https://github.com/doctrine/lexer.git",
                "reference": "83893c552fd2045dd78aef794c31e694c37c0b8c"
            },
            "dist": {
                "type": "zip",
                "url": "https://api.github.com/repos/doctrine/lexer/zipball/83893c552fd2045dd78aef794c31e694c37c0b8c",
                "reference": "83893c552fd2045dd78aef794c31e694c37c0b8c",
                "shasum": ""
            },
            "require": {
                "php": ">=5.3.2"
            },
            "type": "library",
            "extra": {
                "branch-alias": {
                    "dev-master": "1.0.x-dev"
                }
            },
            "autoload": {
                "psr-0": {
                    "Doctrine\\Common\\Lexer\\": "lib/"
                }
            },
            "notification-url": "https://packagist.org/downloads/",
            "license": [
                "MIT"
            ],
            "authors": [
                {
                    "name": "Roman Borschel",
                    "email": "roman@code-factory.org"
                },
                {
                    "name": "Guilherme Blanco",
                    "email": "guilhermeblanco@gmail.com"
                },
                {
                    "name": "Johannes Schmitt",
                    "email": "schmittjoh@gmail.com"
                }
            ],
            "description": "Base library for a lexer that can be used in Top-Down, Recursive Descent Parsers.",
            "homepage": "http://www.doctrine-project.org",
            "keywords": [
                "lexer",
                "parser"
            ],
            "time": "2014-09-09 13:34:57"
        },
        {
            "name": "fortytwo/php-sdk-two-factor-authentication",
            "version": "1.0.4",
            "source": {
                "type": "git",
                "url": "https://github.com/42Telecom/php-sdk-two-factor-authentication.git",
                "reference": "73d6e5312cd110339ba3ec88f74bd3f8f112e401"
            },
            "dist": {
                "type": "zip",
                "url": "https://api.github.com/repos/42Telecom/php-sdk-two-factor-authentication/zipball/73d6e5312cd110339ba3ec88f74bd3f8f112e401",
                "reference": "73d6e5312cd110339ba3ec88f74bd3f8f112e401",
                "shasum": ""
            },
            "require": {
                "guzzlehttp/guzzle": "^6.1",
                "jms/serializer": "^1.1",
                "php": ">=5.3.3"
            },
            "require-dev": {
                "phpunit/phpunit": "^4.8"
            },
            "type": "library",
            "autoload": {
                "psr-4": {
                    "Fortytwo\\SDK\\TwoFactorAuthentication\\": "src"
                }
            },
            "notification-url": "https://packagist.org/downloads/",
            "license": [
                "MIT"
            ],
            "authors": [
                {
                    "name": "Sebastien Lemarinel",
                    "email": "sebastien.lemarinel@fortytwo.com",
                    "homepage": "https://www.fortytwo.com"
                }
            ],
            "description": "Fortytwo’s Two-Factor Authentication (2FA) API adds an additional layer of security to your users’ login credentials with a unique one-time code which limits the risk of fraudulent access to your website.",
            "keywords": [
                "2 factor authentication",
                "2fa",
                "Two Factor Authentication",
                "fortytwo"
            ],
            "time": "2016-02-25 12:35:14"
        },
        {
            "name": "guzzlehttp/guzzle",
            "version": "6.1.1",
            "source": {
                "type": "git",
                "url": "https://github.com/guzzle/guzzle.git",
                "reference": "c6851d6e48f63b69357cbfa55bca116448140e0c"
            },
            "dist": {
                "type": "zip",
                "url": "https://api.github.com/repos/guzzle/guzzle/zipball/c6851d6e48f63b69357cbfa55bca116448140e0c",
                "reference": "c6851d6e48f63b69357cbfa55bca116448140e0c",
                "shasum": ""
            },
            "require": {
                "guzzlehttp/promises": "~1.0",
                "guzzlehttp/psr7": "~1.1",
                "php": ">=5.5.0"
            },
            "require-dev": {
                "ext-curl": "*",
                "phpunit/phpunit": "~4.0",
                "psr/log": "~1.0"
            },
            "type": "library",
            "extra": {
                "branch-alias": {
                    "dev-master": "6.1-dev"
                }
            },
            "autoload": {
                "files": [
                    "src/functions_include.php"
                ],
                "psr-4": {
                    "GuzzleHttp\\": "src/"
                }
            },
            "notification-url": "https://packagist.org/downloads/",
            "license": [
                "MIT"
            ],
            "authors": [
                {
                    "name": "Michael Dowling",
                    "email": "mtdowling@gmail.com",
                    "homepage": "https://github.com/mtdowling"
                }
            ],
            "description": "Guzzle is a PHP HTTP client library",
            "homepage": "http://guzzlephp.org/",
            "keywords": [
                "client",
                "curl",
                "framework",
                "http",
                "http client",
                "rest",
                "web service"
            ],
            "time": "2015-11-23 00:47:50"
        },
        {
            "name": "guzzlehttp/promises",
            "version": "1.0.3",
            "source": {
                "type": "git",
                "url": "https://github.com/guzzle/promises.git",
                "reference": "b1e1c0d55f8083c71eda2c28c12a228d708294ea"
            },
            "dist": {
                "type": "zip",
                "url": "https://api.github.com/repos/guzzle/promises/zipball/b1e1c0d55f8083c71eda2c28c12a228d708294ea",
                "reference": "b1e1c0d55f8083c71eda2c28c12a228d708294ea",
                "shasum": ""
            },
            "require": {
                "php": ">=5.5.0"
            },
            "require-dev": {
                "phpunit/phpunit": "~4.0"
            },
            "type": "library",
            "extra": {
                "branch-alias": {
                    "dev-master": "1.0-dev"
                }
            },
            "autoload": {
                "psr-4": {
                    "GuzzleHttp\\Promise\\": "src/"
                },
                "files": [
                    "src/functions_include.php"
                ]
            },
            "notification-url": "https://packagist.org/downloads/",
            "license": [
                "MIT"
            ],
            "authors": [
                {
                    "name": "Michael Dowling",
                    "email": "mtdowling@gmail.com",
                    "homepage": "https://github.com/mtdowling"
                }
            ],
            "description": "Guzzle promises library",
            "keywords": [
                "promise"
            ],
            "time": "2015-10-15 22:28:00"
        },
        {
            "name": "guzzlehttp/psr7",
            "version": "1.2.3",
            "source": {
                "type": "git",
                "url": "https://github.com/guzzle/psr7.git",
                "reference": "2e89629ff057ebb49492ba08e6995d3a6a80021b"
            },
            "dist": {
                "type": "zip",
                "url": "https://api.github.com/repos/guzzle/psr7/zipball/2e89629ff057ebb49492ba08e6995d3a6a80021b",
                "reference": "2e89629ff057ebb49492ba08e6995d3a6a80021b",
                "shasum": ""
            },
            "require": {
                "php": ">=5.4.0",
                "psr/http-message": "~1.0"
            },
            "provide": {
                "psr/http-message-implementation": "1.0"
            },
            "require-dev": {
                "phpunit/phpunit": "~4.0"
            },
            "type": "library",
            "extra": {
                "branch-alias": {
                    "dev-master": "1.0-dev"
                }
            },
            "autoload": {
                "psr-4": {
                    "GuzzleHttp\\Psr7\\": "src/"
                },
                "files": [
                    "src/functions_include.php"
                ]
            },
            "notification-url": "https://packagist.org/downloads/",
            "license": [
                "MIT"
            ],
            "authors": [
                {
                    "name": "Michael Dowling",
                    "email": "mtdowling@gmail.com",
                    "homepage": "https://github.com/mtdowling"
                }
            ],
            "description": "PSR-7 message implementation",
            "keywords": [
                "http",
                "message",
                "stream",
                "uri"
            ],
            "time": "2016-02-18 21:54:00"
        },
        {
            "name": "jms/metadata",
            "version": "1.5.1",
            "source": {
                "type": "git",
                "url": "https://github.com/schmittjoh/metadata.git",
                "reference": "22b72455559a25777cfd28c4ffda81ff7639f353"
            },
            "dist": {
                "type": "zip",
                "url": "https://api.github.com/repos/schmittjoh/metadata/zipball/22b72455559a25777cfd28c4ffda81ff7639f353",
                "reference": "22b72455559a25777cfd28c4ffda81ff7639f353",
                "shasum": ""
            },
            "require": {
                "php": ">=5.3.0"
            },
            "require-dev": {
                "doctrine/cache": "~1.0"
            },
            "type": "library",
            "extra": {
                "branch-alias": {
                    "dev-master": "1.5.x-dev"
                }
            },
            "autoload": {
                "psr-0": {
                    "Metadata\\": "src/"
                }
            },
            "notification-url": "https://packagist.org/downloads/",
            "license": [
                "Apache"
            ],
            "authors": [
                {
                    "name": "Johannes Schmitt",
                    "email": "schmittjoh@gmail.com",
                    "homepage": "https://github.com/schmittjoh",
                    "role": "Developer of wrapped JMSSerializerBundle"
                }
            ],
            "description": "Class/method/property metadata management in PHP",
            "keywords": [
                "annotations",
                "metadata",
                "xml",
                "yaml"
            ],
            "time": "2014-07-12 07:13:19"
        },
        {
            "name": "jms/parser-lib",
            "version": "1.0.0",
            "source": {
                "type": "git",
                "url": "https://github.com/schmittjoh/parser-lib.git",
                "reference": "c509473bc1b4866415627af0e1c6cc8ac97fa51d"
            },
            "dist": {
                "type": "zip",
                "url": "https://api.github.com/repos/schmittjoh/parser-lib/zipball/c509473bc1b4866415627af0e1c6cc8ac97fa51d",
                "reference": "c509473bc1b4866415627af0e1c6cc8ac97fa51d",
                "shasum": ""
            },
            "require": {
                "phpoption/phpoption": ">=0.9,<2.0-dev"
            },
            "type": "library",
            "extra": {
                "branch-alias": {
                    "dev-master": "1.0-dev"
                }
            },
            "autoload": {
                "psr-0": {
                    "JMS\\": "src/"
                }
            },
            "notification-url": "https://packagist.org/downloads/",
            "license": [
                "Apache2"
            ],
            "description": "A library for easily creating recursive-descent parsers.",
            "time": "2012-11-18 18:08:43"
        },
        {
            "name": "jms/serializer",
            "version": "1.1.0",
            "source": {
                "type": "git",
                "url": "https://github.com/schmittjoh/serializer.git",
                "reference": "fe13a1f993ea3456e195b7820692f2eb2b6bbb48"
            },
            "dist": {
                "type": "zip",
                "url": "https://api.github.com/repos/schmittjoh/serializer/zipball/fe13a1f993ea3456e195b7820692f2eb2b6bbb48",
                "reference": "fe13a1f993ea3456e195b7820692f2eb2b6bbb48",
                "shasum": ""
            },
            "require": {
                "doctrine/annotations": "1.*",
                "doctrine/instantiator": "~1.0.3",
                "jms/metadata": "~1.1",
                "jms/parser-lib": "1.*",
                "php": ">=5.4.0",
                "phpcollection/phpcollection": "~0.1"
            },
            "conflict": {
                "twig/twig": "<1.12"
            },
            "require-dev": {
                "doctrine/orm": "~2.1",
                "doctrine/phpcr-odm": "~1.0.1",
                "jackalope/jackalope-doctrine-dbal": "1.0.*",
                "phpunit/phpunit": "~4.0",
                "propel/propel1": "~1.7",
                "symfony/filesystem": "2.*",
                "symfony/form": "~2.1",
                "symfony/translation": "~2.0",
                "symfony/validator": "~2.0",
                "symfony/yaml": "2.*",
                "twig/twig": "~1.12|~2.0"
            },
            "suggest": {
                "symfony/yaml": "Required if you'd like to serialize data to YAML format."
            },
            "type": "library",
            "extra": {
                "branch-alias": {
                    "dev-master": "1.1-dev"
                }
            },
            "autoload": {
                "psr-0": {
                    "JMS\\Serializer": "src/"
                }
            },
            "notification-url": "https://packagist.org/downloads/",
            "license": [
                "Apache2"
            ],
            "authors": [
                {
                    "name": "Johannes M. Schmitt",
                    "email": "schmittjoh@gmail.com"
                }
            ],
            "description": "Library for (de-)serializing data of any complexity; supports XML, JSON, and YAML.",
            "homepage": "http://jmsyst.com/libs/serializer",
            "keywords": [
                "deserialization",
                "jaxb",
                "json",
                "serialization",
                "xml"
            ],
            "time": "2015-10-27 09:24:41"
        },
        {
            "name": "phpcollection/phpcollection",
            "version": "0.4.0",
            "source": {
                "type": "git",
                "url": "https://github.com/schmittjoh/php-collection.git",
                "reference": "b8bf55a0a929ca43b01232b36719f176f86c7e83"
            },
            "dist": {
                "type": "zip",
                "url": "https://api.github.com/repos/schmittjoh/php-collection/zipball/b8bf55a0a929ca43b01232b36719f176f86c7e83",
                "reference": "b8bf55a0a929ca43b01232b36719f176f86c7e83",
                "shasum": ""
            },
            "require": {
                "phpoption/phpoption": "1.*"
            },
            "type": "library",
            "extra": {
                "branch-alias": {
                    "dev-master": "0.3-dev"
                }
            },
            "autoload": {
                "psr-0": {
                    "PhpCollection": "src/"
                }
            },
            "notification-url": "https://packagist.org/downloads/",
            "license": [
                "Apache2"
            ],
            "authors": [
                {
                    "name": "Johannes Schmitt",
                    "email": "schmittjoh@gmail.com",
                    "homepage": "https://github.com/schmittjoh",
                    "role": "Developer of wrapped JMSSerializerBundle"
                }
            ],
            "description": "General-Purpose Collection Library for PHP",
            "keywords": [
                "collection",
                "list",
                "map",
                "sequence",
                "set"
            ],
            "time": "2014-03-11 13:46:42"
        },
        {
            "name": "phpoption/phpoption",
            "version": "1.5.0",
            "source": {
                "type": "git",
                "url": "https://github.com/schmittjoh/php-option.git",
                "reference": "94e644f7d2051a5f0fcf77d81605f152eecff0ed"
            },
            "dist": {
                "type": "zip",
                "url": "https://api.github.com/repos/schmittjoh/php-option/zipball/94e644f7d2051a5f0fcf77d81605f152eecff0ed",
                "reference": "94e644f7d2051a5f0fcf77d81605f152eecff0ed",
                "shasum": ""
            },
            "require": {
                "php": ">=5.3.0"
            },
            "require-dev": {
                "phpunit/phpunit": "4.7.*"
            },
            "type": "library",
            "extra": {
                "branch-alias": {
                    "dev-master": "1.3-dev"
                }
            },
            "autoload": {
                "psr-0": {
                    "PhpOption\\": "src/"
                }
            },
            "notification-url": "https://packagist.org/downloads/",
            "license": [
                "Apache2"
            ],
            "authors": [
                {
                    "name": "Johannes M. Schmitt",
                    "email": "schmittjoh@gmail.com"
                }
            ],
            "description": "Option Type for PHP",
            "keywords": [
                "language",
                "option",
                "php",
                "type"
            ],
            "time": "2015-07-25 16:39:46"
        },
        {
            "name": "psr/http-message",
            "version": "1.0",
            "source": {
                "type": "git",
                "url": "https://github.com/php-fig/http-message.git",
                "reference": "85d63699f0dbedb190bbd4b0d2b9dc707ea4c298"
            },
            "dist": {
                "type": "zip",
                "url": "https://api.github.com/repos/php-fig/http-message/zipball/85d63699f0dbedb190bbd4b0d2b9dc707ea4c298",
                "reference": "85d63699f0dbedb190bbd4b0d2b9dc707ea4c298",
                "shasum": ""
            },
            "require": {
                "php": ">=5.3.0"
            },
            "type": "library",
            "extra": {
                "branch-alias": {
                    "dev-master": "1.0.x-dev"
                }
            },
            "autoload": {
                "psr-4": {
                    "Psr\\Http\\Message\\": "src/"
                }
            },
            "notification-url": "https://packagist.org/downloads/",
            "license": [
                "MIT"
            ],
            "authors": [
                {
                    "name": "PHP-FIG",
                    "homepage": "http://www.php-fig.org/"
                }
            ],
            "description": "Common interface for HTTP messages",
            "keywords": [
                "http",
                "http-message",
                "psr",
                "psr-7",
                "request",
                "response"
            ],
            "time": "2015-05-04 20:22:00"
        }
    ],
    "packages-dev": [],
    "aliases": [],
    "minimum-stability": "stable",
    "stability-flags": [],
    "prefer-stable": false,
    "prefer-lowest": false,
    "platform": {
        "php": ">=5.3.2"
    },
    "platform-dev": []
}
